
Microsoft Visual Studio Solution File, Format Version 12.00
# Visual Studio Version 17
VisualStudioVersion = 17.4.33213.308
MinimumVisualStudioVersion = 10.0.40219.1
Project("{FAE04EC0-301F-11D3-BF4B-00C04F79EFBC}") = "Lec04LibN", "Lec04LibN.csproj", "{22212182-80B4-41AC-B9F6-E694E4FB885A}"
EndProject
Project("{FAE04EC0-301F-11D3-BF4B-00C04F79EFBC}") = "SingletonLOG", "..\SingletonLOG\SingletonLOG.csproj", "{8D6F06FC-9689-47A8-B0AF-C946A5BEB97E}"
EndProject
Global
	GlobalSection(SolutionConfigurationPlatforms) = preSolution
		Debug|Any CPU = Debug|Any CPU
		Release|Any CPU = Release|Any CPU
	EndGlobalSection
	GlobalSection(ProjectConfigurationPlatforms) = postSolution
		{22212182-80B4-41AC-B9F6-E694E4FB885A}.Debug|Any CPU.ActiveCfg = Debug|Any CPU
		{22212182-80B4-41AC-B9F6-E694E4FB885A}.Debug|Any CPU.Build.0 = Debug|Any CPU
		{22212182-80B4-41AC-B9F6-E694E4FB885A}.Release|Any CPU.ActiveCfg = Release|Any CPU
		{22212182-80B4-41AC-B9F6-E694E4FB885A}.Release|Any CPU.Build.0 = Release|Any CPU
		{8D6F06FC-9689-47A8-B0AF-C946A5BEB97E}.Debug|Any CPU.ActiveCfg = Debug|Any CPU
		{8D6F06FC-9689-47A8-B0AF-C946A5BEB97E}.Debug|Any CPU.Build.0 = Debug|Any CPU
		{8D6F06FC-9689-47A8-B0AF-C946A5BEB97E}.Release|Any CPU.ActiveCfg = Release|Any CPU
		{8D6F06FC-9689-47A8-B0AF-C946A5BEB97E}.Release|Any CPU.Build.0 = Release|Any CPU
	EndGlobalSection
	GlobalSection(SolutionProperties) = preSolution
		HideSolutionNode = FALSE
	EndGlobalSection
	GlobalSection(ExtensibilityGlobals) = postSolution
		SolutionGuid = {C1FCE1EA-84A6-40A8-B06C-B0398CDA215E}
	EndGlobalSection
EndGlobal
