
Microsoft Visual Studio Solution File, Format Version 12.00
# Visual Studio Version 17
VisualStudioVersion = 17.4.33213.308
MinimumVisualStudioVersion = 10.0.40219.1
Project("{FAE04EC0-301F-11D3-BF4B-00C04F79EFBC}") = "Lab6Lib", "Lab6Lib.csproj", "{1411B960-F642-4A00-BC25-56A9A8488921}"
EndProject
Project("{FAE04EC0-301F-11D3-BF4B-00C04F79EFBC}") = "Lab6TEST", "..\Lab6TEST\Lab6TEST.csproj", "{8186266F-21C7-4B5D-AA20-F500D5A44097}"
EndProject
Global
	GlobalSection(SolutionConfigurationPlatforms) = preSolution
		Debug|Any CPU = Debug|Any CPU
		Release|Any CPU = Release|Any CPU
	EndGlobalSection
	GlobalSection(ProjectConfigurationPlatforms) = postSolution
		{1411B960-F642-4A00-BC25-56A9A8488921}.Debug|Any CPU.ActiveCfg = Debug|Any CPU
		{1411B960-F642-4A00-BC25-56A9A8488921}.Debug|Any CPU.Build.0 = Debug|Any CPU
		{1411B960-F642-4A00-BC25-56A9A8488921}.Release|Any CPU.ActiveCfg = Release|Any CPU
		{1411B960-F642-4A00-BC25-56A9A8488921}.Release|Any CPU.Build.0 = Release|Any CPU
		{8186266F-21C7-4B5D-AA20-F500D5A44097}.Debug|Any CPU.ActiveCfg = Debug|Any CPU
		{8186266F-21C7-4B5D-AA20-F500D5A44097}.Debug|Any CPU.Build.0 = Debug|Any CPU
		{8186266F-21C7-4B5D-AA20-F500D5A44097}.Release|Any CPU.ActiveCfg = Release|Any CPU
		{8186266F-21C7-4B5D-AA20-F500D5A44097}.Release|Any CPU.Build.0 = Release|Any CPU
	EndGlobalSection
	GlobalSection(SolutionProperties) = preSolution
		HideSolutionNode = FALSE
	EndGlobalSection
	GlobalSection(ExtensibilityGlobals) = postSolution
		SolutionGuid = {F3DF433F-DC95-4C4E-AE53-495C337B733B}
	EndGlobalSection
EndGlobal
